# THIS IS AN AUTOGENERATED FILE. DO NOT EDIT THIS FILE DIRECTLY.
# yarn lockfile v1


async-kit@^2.2.3:
  version "2.2.3"
  resolved "https://registry.yarnpkg.com/async-kit/-/async-kit-2.2.3.tgz#264751a279ddc5f59b419638b805ae2c49858fb7"
  dependencies:
    nextgen-events "^0.9.0"
    tree-kit "^0.5.26"

nextgen-events@^0.9.0, nextgen-events@^0.9.8:
  version "0.9.8"
  resolved "https://registry.yarnpkg.com/nextgen-events/-/nextgen-events-0.9.8.tgz#ed1712c2b37dad55407b3e941672d1568c3a4630"

string-kit@^0.5.15:
  version "0.5.15"
  resolved "https://registry.yarnpkg.com/string-kit/-/string-kit-0.5.15.tgz#02cb7718c91ed750c242f969bcbdc0a3a8218732"
  dependencies:
    tree-kit "^0.5.24"

terminal-canvas@^2.0.0:
  version "2.0.0"
  resolved "https://registry.yarnpkg.com/terminal-canvas/-/terminal-canvas-2.0.0.tgz#0052bf6b60a88ac0354b3cdb5573a821ac622892"

terminal-kit@^1.0.5:
  version "1.0.5"
  resolved "https://registry.yarnpkg.com/terminal-kit/-/terminal-kit-1.0.5.tgz#3563a9ccb89f777d25c15538d9a3b3a13a913d67"
  dependencies:
    async-kit "^2.2.3"
    nextgen-events "^0.9.8"
    string-kit "^0.5.15"
    tree-kit "^0.5.26"

tree-kit@^0.5.24, tree-kit@^0.5.26:
  version "0.5.26"
  resolved "https://registry.yarnpkg.com/tree-kit/-/tree-kit-0.5.26.tgz#8571c86fa24d1db754e5b0cb3a7e09f41e74a8df"
